{
  "name": "docs",
  "version": "1.0.0",
  "lockfileVersion": 2,
  "requires": true,
  "packages": {
    "": {
      "name": "docs",
      "version": "1.0.0",
      "license": "MIT",
      "devDependencies": {
        "@lenra/mdx2html": "file:../../mdx2html"
      }
    },
    "../../mdx2html": {
      "version": "1.0.0",
      "dev": true,
      "license": "ISC",
      "dependencies": {
        "@mdx-js/esbuild": "^2.1.2",
        "@mdx-js/react": "^2.1.2",
        "glob": "^8.0.3",
        "react": "^18.2.0",
        "react-dom": "^18.2.0",
        "yargs": "^17.5.1"
      },
      "bin": {
        "mdx2html": "dist/bin.js"
      }
    },
    "node_modules/@lenra/mdx2html": {
      "resolved": "../../mdx2html",
      "link": true
    }
  },
  "dependencies": {
    "@lenra/mdx2html": {
      "version": "file:../../mdx2html",
      "requires": {
        "@mdx-js/esbuild": "^2.1.2",
        "@mdx-js/react": "^2.1.2",
        "glob": "^8.0.3",
        "react": "^18.2.0",
        "react-dom": "^18.2.0",
        "yargs": "^17.5.1"
      }
    }
  }
}
